<Solution>
  <Folder Name="/data/">
    <File Path="data/SQL_NTIX_FINANCIAL_ACCOUNT.sql" />
  </Folder>
  <Folder Name="/devops/" />
  <Folder Name="/devops/dev/">
    <File Path="devops/dev/docker-compose.yml" />
  </Folder>
  <Folder Name="/docs/">
    <File Path="README.md" />
  </Folder>
  <Folder Name="/specs/" />
  <Folder Name="/src/">
    <Project Path="src/Domain/Domain.csproj" Id="a6fa3cce-0e46-46ad-8ab2-1a9662f40854" />
  </Folder>
  <Folder Name="/tsts/" />
</Solution>
